
Microsoft Visual Studio Solution File, Format Version 12.00
# Visual Studio 2013
VisualStudioVersion = 12.0.31101.0
MinimumVisualStudioVersion = 10.0.40219.1
Project("{FAE04EC0-301F-11D3-BF4B-00C04F79EFBC}") = "IntroductionConsoleApplication", "IntroductionConsoleApplication\IntroductionConsoleApplication.csproj", "{65F0AC2D-03E7-44F9-AC32-F3DDF66F74DC}"
EndProject
Global
	GlobalSection(SolutionConfigurationPlatforms) = preSolution
		Debug|Any CPU = Debug|Any CPU
		Release|Any CPU = Release|Any CPU
	EndGlobalSection
	GlobalSection(ProjectConfigurationPlatforms) = postSolution
		{65F0AC2D-03E7-44F9-AC32-F3DDF66F74DC}.Debug|Any CPU.ActiveCfg = Debug|Any CPU
		{65F0AC2D-03E7-44F9-AC32-F3DDF66F74DC}.Debug|Any CPU.Build.0 = Debug|Any CPU
		{65F0AC2D-03E7-44F9-AC32-F3DDF66F74DC}.Release|Any CPU.ActiveCfg = Release|Any CPU
		{65F0AC2D-03E7-44F9-AC32-F3DDF66F74DC}.Release|Any CPU.Build.0 = Release|Any CPU
	EndGlobalSection
	GlobalSection(SolutionProperties) = preSolution
		HideSolutionNode = FALSE
	EndGlobalSection
EndGlobal
